// !$*UTF8*$!
{
	archiveVersion = 1;
	classes = {
	};
	objectVersion = 50;
	objects = {

/* Begin PBXBuildFile section */
		702B9A9721BCB1530094269B /* Sscan.swift in Sources */ = {isa = PBXBuildFile; fileRef = 702B9A9621BCB1530094269B /* Sscan.swift */; };
		702B9A9921BCD9520094269B /* aoc_day4.swift in Sources */ = {isa = PBXBuildFile; fileRef = 702B9A9821BCD9520094269B /* aoc_day4.swift */; };
		702B9A9B21BD18180094269B /* aoc_day5.swift in Sources */ = {isa = PBXBuildFile; fileRef = 702B9A9A21BD18180094269B /* aoc_day5.swift */; };
		702B9A9D21BD41C80094269B /* aoc_day9.swift in Sources */ = {isa = PBXBuildFile; fileRef = 702B9A9C21BD41C80094269B /* aoc_day9.swift */; };
		70B6FBFB21BB8F31009FF7C1 /* main.swift in Sources */ = {isa = PBXBuildFile; fileRef = 70B6FBFA21BB8F31009FF7C1 /* main.swift */; };
		70B6FC0221BB8F56009FF7C1 /* StreamReader.swift in Sources */ = {isa = PBXBuildFile; fileRef = 70B6FC0121BB8F56009FF7C1 /* StreamReader.swift */; };
		70B6FC0421BBA3EE009FF7C1 /* aoc_day2.swift in Sources */ = {isa = PBXBuildFile; fileRef = 70B6FC0321BBA3EE009FF7C1 /* aoc_day2.swift */; };
		70B6FC0621BBB4DF009FF7C1 /* aoc_day3.swift in Sources */ = {isa = PBXBuildFile; fileRef = 70B6FC0521BBB4DF009FF7C1 /* aoc_day3.swift */; };
		70E89B2921BE8B9600533A46 /* aoc_day6.swift in Sources */ = {isa = PBXBuildFile; fileRef = 70E89B2621BE8B9600533A46 /* aoc_day6.swift */; };
		70E89B2A21BE8B9600533A46 /* aoc_day8.swift in Sources */ = {isa = PBXBuildFile; fileRef = 70E89B2721BE8B9600533A46 /* aoc_day8.swift */; };
		70E89B2B21BE8B9600533A46 /* aoc_day7.swift in Sources */ = {isa = PBXBuildFile; fileRef = 70E89B2821BE8B9600533A46 /* aoc_day7.swift */; };
		70E89B2D21BE8BAF00533A46 /* Stack.swift in Sources */ = {isa = PBXBuildFile; fileRef = 70E89B2C21BE8BAF00533A46 /* Stack.swift */; };
		70E89B2F21BE8D1600533A46 /* aoc_day10.swift in Sources */ = {isa = PBXBuildFile; fileRef = 70E89B2E21BE8D1600533A46 /* aoc_day10.swift */; };
/* End PBXBuildFile section */

/* Begin PBXCopyFilesBuildPhase section */
		70B6FBF521BB8F31009FF7C1 /* CopyFiles */ = {
			isa = PBXCopyFilesBuildPhase;
			buildActionMask = 2147483647;
			dstPath = /usr/share/man/man1/;
			dstSubfolderSpec = 0;
			files = (
			);
			runOnlyForDeploymentPostprocessing = 1;
		};
/* End PBXCopyFilesBuildPhase section */

/* Begin PBXFileReference section */
		702B9A9621BCB1530094269B /* Sscan.swift */ = {isa = PBXFileReference; lastKnownFileType = sourcecode.swift; path = Sscan.swift; sourceTree = "<group>"; };
		702B9A9821BCD9520094269B /* aoc_day4.swift */ = {isa = PBXFileReference; fileEncoding = 4; lastKnownFileType = sourcecode.swift; path = aoc_day4.swift; sourceTree = "<group>"; };
		702B9A9A21BD18180094269B /* aoc_day5.swift */ = {isa = PBXFileReference; fileEncoding = 4; lastKnownFileType = sourcecode.swift; path = aoc_day5.swift; sourceTree = "<group>"; };
		702B9A9C21BD41C80094269B /* aoc_day9.swift */ = {isa = PBXFileReference; fileEncoding = 4; lastKnownFileType = sourcecode.swift; path = aoc_day9.swift; sourceTree = "<group>"; };
		70B6FBF721BB8F31009FF7C1 /* AdventOfCode-2018 */ = {isa = PBXFileReference; explicitFileType = "compiled.mach-o.executable"; includeInIndex = 0; path = "AdventOfCode-2018"; sourceTree = BUILT_PRODUCTS_DIR; };
		70B6FBFA21BB8F31009FF7C1 /* main.swift */ = {isa = PBXFileReference; lastKnownFileType = sourcecode.swift; path = main.swift; sourceTree = "<group>"; };
		70B6FC0121BB8F56009FF7C1 /* StreamReader.swift */ = {isa = PBXFileReference; lastKnownFileType = sourcecode.swift; path = StreamReader.swift; sourceTree = "<group>"; };
		70B6FC0321BBA3EE009FF7C1 /* aoc_day2.swift */ = {isa = PBXFileReference; lastKnownFileType = sourcecode.swift; path = aoc_day2.swift; sourceTree = "<group>"; };
		70B6FC0521BBB4DF009FF7C1 /* aoc_day3.swift */ = {isa = PBXFileReference; fileEncoding = 4; lastKnownFileType = sourcecode.swift; path = aoc_day3.swift; sourceTree = "<group>"; };
		70E89B2621BE8B9600533A46 /* aoc_day6.swift */ = {isa = PBXFileReference; fileEncoding = 4; lastKnownFileType = sourcecode.swift; path = aoc_day6.swift; sourceTree = "<group>"; };
		70E89B2721BE8B9600533A46 /* aoc_day8.swift */ = {isa = PBXFileReference; fileEncoding = 4; lastKnownFileType = sourcecode.swift; path = aoc_day8.swift; sourceTree = "<group>"; };
		70E89B2821BE8B9600533A46 /* aoc_day7.swift */ = {isa = PBXFileReference; fileEncoding = 4; lastKnownFileType = sourcecode.swift; path = aoc_day7.swift; sourceTree = "<group>"; };
		70E89B2C21BE8BAF00533A46 /* Stack.swift */ = {isa = PBXFileReference; fileEncoding = 4; lastKnownFileType = sourcecode.swift; path = Stack.swift; sourceTree = "<group>"; };
		70E89B2E21BE8D1600533A46 /* aoc_day10.swift */ = {isa = PBXFileReference; fileEncoding = 4; lastKnownFileType = sourcecode.swift; path = aoc_day10.swift; sourceTree = "<group>"; };
/* End PBXFileReference section */

/* Begin PBXFrameworksBuildPhase section */
		70B6FBF421BB8F31009FF7C1 /* Frameworks */ = {
			isa = PBXFrameworksBuildPhase;
			buildActionMask = 2147483647;
			files = (
			);
			runOnlyForDeploymentPostprocessing = 0;
		};
/* End PBXFrameworksBuildPhase section */

/* Begin PBXGroup section */
		70B6FBEE21BB8F31009FF7C1 = {
			isa = PBXGroup;
			children = (
				70B6FBF921BB8F31009FF7C1 /* AdventOfCode-2018 */,
				70B6FBF821BB8F31009FF7C1 /* Products */,
			);
			sourceTree = "<group>";
		};
		70B6FBF821BB8F31009FF7C1 /* Products */ = {
			isa = PBXGroup;
			children = (
				70B6FBF721BB8F31009FF7C1 /* AdventOfCode-2018 */,
			);
			name = Products;
			sourceTree = "<group>";
		};
		70B6FBF921BB8F31009FF7C1 /* AdventOfCode-2018 */ = {
			isa = PBXGroup;
			children = (
				70B6FBFA21BB8F31009FF7C1 /* main.swift */,
				70B6FC0321BBA3EE009FF7C1 /* aoc_day2.swift */,
				70B6FC0521BBB4DF009FF7C1 /* aoc_day3.swift */,
				702B9A9821BCD9520094269B /* aoc_day4.swift */,
				702B9A9A21BD18180094269B /* aoc_day5.swift */,
				70E89B2621BE8B9600533A46 /* aoc_day6.swift */,
				70E89B2821BE8B9600533A46 /* aoc_day7.swift */,
				70E89B2721BE8B9600533A46 /* aoc_day8.swift */,
				702B9A9C21BD41C80094269B /* aoc_day9.swift */,
				70E89B2E21BE8D1600533A46 /* aoc_day10.swift */,
				702B9A9621BCB1530094269B /* Sscan.swift */,
				70E89B2C21BE8BAF00533A46 /* Stack.swift */,
				70B6FC0121BB8F56009FF7C1 /* StreamReader.swift */,
			);
			path = "AdventOfCode-2018";
			sourceTree = "<group>";
		};
/* End PBXGroup section */

/* Begin PBXNativeTarget section */
		70B6FBF621BB8F31009FF7C1 /* AdventOfCode-2018 */ = {
			isa = PBXNativeTarget;
			buildConfigurationList = 70B6FBFE21BB8F31009FF7C1 /* Build configuration list for PBXNativeTarget "AdventOfCode-2018" */;
			buildPhases = (
				70B6FBF321BB8F31009FF7C1 /* Sources */,
				70B6FBF421BB8F31009FF7C1 /* Frameworks */,
				70B6FBF521BB8F31009FF7C1 /* CopyFiles */,
			);
			buildRules = (
			);
			dependencies = (
			);
			name = "AdventOfCode-2018";
			productName = "AdventOfCode-2018";
			productReference = 70B6FBF721BB8F31009FF7C1 /* AdventOfCode-2018 */;
			productType = "com.apple.product-type.tool";
		};
/* End PBXNativeTarget section */

/* Begin PBXProject section */
		70B6FBEF21BB8F31009FF7C1 /* Project object */ = {
			isa = PBXProject;
			attributes = {
				LastSwiftUpdateCheck = 1010;
				LastUpgradeCheck = 1010;
				ORGANIZATIONNAME = "Jurgen Kluft";
				TargetAttributes = {
					70B6FBF621BB8F31009FF7C1 = {
						CreatedOnToolsVersion = 10.1;
					};
				};
			};
			buildConfigurationList = 70B6FBF221BB8F31009FF7C1 /* Build configuration list for PBXProject "AdventOfCode-2018" */;
			compatibilityVersion = "Xcode 9.3";
			developmentRegion = en;
			hasScannedForEncodings = 0;
			knownRegions = (
				en,
			);
			mainGroup = 70B6FBEE21BB8F31009FF7C1;
			productRefGroup = 70B6FBF821BB8F31009FF7C1 /* Products */;
			projectDirPath = "";
			projectRoot = "";
			targets = (
				70B6FBF621BB8F31009FF7C1 /* AdventOfCode-2018 */,
			);
		};
/* End PBXProject section */

/* Begin PBXSourcesBuildPhase section */
		70B6FBF321BB8F31009FF7C1 /* Sources */ = {
			isa = PBXSourcesBuildPhase;
			buildActionMask = 2147483647;
			files = (
				70B6FC0621BBB4DF009FF7C1 /* aoc_day3.swift in Sources */,
				70B6FC0221BB8F56009FF7C1 /* StreamReader.swift in Sources */,
				702B9A9721BCB1530094269B /* Sscan.swift in Sources */,
				702B9A9921BCD9520094269B /* aoc_day4.swift in Sources */,
				70E89B2D21BE8BAF00533A46 /* Stack.swift in Sources */,
				70E89B2B21BE8B9600533A46 /* aoc_day7.swift in Sources */,
				70B6FC0421BBA3EE009FF7C1 /* aoc_day2.swift in Sources */,
				70E89B2A21BE8B9600533A46 /* aoc_day8.swift in Sources */,
				70B6FBFB21BB8F31009FF7C1 /* main.swift in Sources */,
				70E89B2F21BE8D1600533A46 /* aoc_day10.swift in Sources */,
				702B9A9B21BD18180094269B /* aoc_day5.swift in Sources */,
				70E89B2921BE8B9600533A46 /* aoc_day6.swift in Sources */,
				702B9A9D21BD41C80094269B /* aoc_day9.swift in Sources */,
			);
			runOnlyForDeploymentPostprocessing = 0;
		};
/* End PBXSourcesBuildPhase section */

/* Begin XCBuildConfiguration section */
		70B6FBFC21BB8F31009FF7C1 /* Debug */ = {
			isa = XCBuildConfiguration;
			buildSettings = {
				ALWAYS_SEARCH_USER_PATHS = NO;
				CLANG_ANALYZER_NONNULL = YES;
				CLANG_ANALYZER_NUMBER_OBJECT_CONVERSION = YES_AGGRESSIVE;
				CLANG_CXX_LANGUAGE_STANDARD = "gnu++14";
				CLANG_CXX_LIBRARY = "libc++";
				CLANG_ENABLE_MODULES = YES;
				CLANG_ENABLE_OBJC_ARC = YES;
				CLANG_ENABLE_OBJC_WEAK = YES;
				CLANG_WARN_BLOCK_CAPTURE_AUTORELEASING = YES;
				CLANG_WARN_BOOL_CONVERSION = YES;
				CLANG_WARN_COMMA = YES;
				CLANG_WARN_CONSTANT_CONVERSION = YES;
				CLANG_WARN_DEPRECATED_OBJC_IMPLEMENTATIONS = YES;
				CLANG_WARN_DIRECT_OBJC_ISA_USAGE = YES_ERROR;
				CLANG_WARN_DOCUMENTATION_COMMENTS = YES;
				CLANG_WARN_EMPTY_BODY = YES;
				CLANG_WARN_ENUM_CONVERSION = YES;
				CLANG_WARN_INFINITE_RECURSION = YES;
				CLANG_WARN_INT_CONVERSION = YES;
				CLANG_WARN_NON_LITERAL_NULL_CONVERSION = YES;
				CLANG_WARN_OBJC_IMPLICIT_RETAIN_SELF = YES;
				CLANG_WARN_OBJC_LITERAL_CONVERSION = YES;
				CLANG_WARN_OBJC_ROOT_CLASS = YES_ERROR;
				CLANG_WARN_RANGE_LOOP_ANALYSIS = YES;
				CLANG_WARN_STRICT_PROTOTYPES = YES;
				CLANG_WARN_SUSPICIOUS_MOVE = YES;
				CLANG_WARN_UNGUARDED_AVAILABILITY = YES_AGGRESSIVE;
				CLANG_WARN_UNREACHABLE_CODE = YES;
				CLANG_WARN__DUPLICATE_METHOD_MATCH = YES;
				CODE_SIGN_IDENTITY = "-";
				COPY_PHASE_STRIP = NO;
				DEBUG_INFORMATION_FORMAT = dwarf;
				ENABLE_STRICT_OBJC_MSGSEND = YES;
				ENABLE_TESTABILITY = YES;
				GCC_C_LANGUAGE_STANDARD = gnu11;
				GCC_DYNAMIC_NO_PIC = NO;
				GCC_NO_COMMON_BLOCKS = YES;
				GCC_OPTIMIZATION_LEVEL = 0;
				GCC_PREPROCESSOR_DEFINITIONS = (
					"DEBUG=1",
					"$(inherited)",
				);
				GCC_WARN_64_TO_32_BIT_CONVERSION = YES;
				GCC_WARN_ABOUT_RETURN_TYPE = YES_ERROR;
				GCC_WARN_UNDECLARED_SELECTOR = YES;
				GCC_WARN_UNINITIALIZED_AUTOS = YES_AGGRESSIVE;
				GCC_WARN_UNUSED_FUNCTION = YES;
				GCC_WARN_UNUSED_VARIABLE = YES;
				MACOSX_DEPLOYMENT_TARGET = 10.14;
				MTL_ENABLE_DEBUG_INFO = INCLUDE_SOURCE;
				MTL_FAST_MATH = YES;
				ONLY_ACTIVE_ARCH = YES;
				SDKROOT = macosx;
				SWIFT_ACTIVE_COMPILATION_CONDITIONS = DEBUG;
				SWIFT_OPTIMIZATION_LEVEL = "-Onone";
			};
			name = Debug;
		};
		70B6FBFD21BB8F31009FF7C1 /* Release */ = {
			isa = XCBuildConfiguration;
			buildSettings = {
				ALWAYS_SEARCH_USER_PATHS = NO;
				CLANG_ANALYZER_NONNULL = YES;
				CLANG_ANALYZER_NUMBER_OBJECT_CONVERSION = YES_AGGRESSIVE;
				CLANG_CXX_LANGUAGE_STANDARD = "gnu++14";
				CLANG_CXX_LIBRARY = "libc++";
				CLANG_ENABLE_MODULES = YES;
				CLANG_ENABLE_OBJC_ARC = YES;
				CLANG_ENABLE_OBJC_WEAK = YES;
				CLANG_WARN_BLOCK_CAPTURE_AUTORELEASING = YES;
				CLANG_WARN_BOOL_CONVERSION = YES;
				CLANG_WARN_COMMA = YES;
				CLANG_WARN_CONSTANT_CONVERSION = YES;
				CLANG_WARN_DEPRECATED_OBJC_IMPLEMENTATIONS = YES;
				CLANG_WARN_DIRECT_OBJC_ISA_USAGE = YES_ERROR;
				CLANG_WARN_DOCUMENTATION_COMMENTS = YES;
				CLANG_WARN_EMPTY_BODY = YES;
				CLANG_WARN_ENUM_CONVERSION = YES;
				CLANG_WARN_INFINITE_RECURSION = YES;
				CLANG_WARN_INT_CONVERSION = YES;
				CLANG_WARN_NON_LITERAL_NULL_CONVERSION = YES;
				CLANG_WARN_OBJC_IMPLICIT_RETAIN_SELF = YES;
				CLANG_WARN_OBJC_LITERAL_CONVERSION = YES;
				CLANG_WARN_OBJC_ROOT_CLASS = YES_ERROR;
				CLANG_WARN_RANGE_LOOP_ANALYSIS = YES;
				CLANG_WARN_STRICT_PROTOTYPES = YES;
				CLANG_WARN_SUSPICIOUS_MOVE = YES;
				CLANG_WARN_UNGUARDED_AVAILABILITY = YES_AGGRESSIVE;
				CLANG_WARN_UNREACHABLE_CODE = YES;
				CLANG_WARN__DUPLICATE_METHOD_MATCH = YES;
				CODE_SIGN_IDENTITY = "-";
				COPY_PHASE_STRIP = NO;
				DEBUG_INFORMATION_FORMAT = "dwarf-with-dsym";
				ENABLE_NS_ASSERTIONS = NO;
				ENABLE_STRICT_OBJC_MSGSEND = YES;
				GCC_C_LANGUAGE_STANDARD = gnu11;
				GCC_NO_COMMON_BLOCKS = YES;
				GCC_WARN_64_TO_32_BIT_CONVERSION = YES;
				GCC_WARN_ABOUT_RETURN_TYPE = YES_ERROR;
				GCC_WARN_UNDECLARED_SELECTOR = YES;
				GCC_WARN_UNINITIALIZED_AUTOS = YES_AGGRESSIVE;
				GCC_WARN_UNUSED_FUNCTION = YES;
				GCC_WARN_UNUSED_VARIABLE = YES;
				MACOSX_DEPLOYMENT_TARGET = 10.14;
				MTL_ENABLE_DEBUG_INFO = NO;
				MTL_FAST_MATH = YES;
				SDKROOT = macosx;
				SWIFT_COMPILATION_MODE = wholemodule;
				SWIFT_OPTIMIZATION_LEVEL = "-O";
			};
			name = Release;
		};
		70B6FBFF21BB8F31009FF7C1 /* Debug */ = {
			isa = XCBuildConfiguration;
			buildSettings = {
				CODE_SIGN_STYLE = Automatic;
				PRODUCT_NAME = "$(TARGET_NAME)";
				SWIFT_VERSION = 4.2;
			};
			name = Debug;
		};
		70B6FC0021BB8F31009FF7C1 /* Release */ = {
			isa = XCBuildConfiguration;
			buildSettings = {
				CODE_SIGN_STYLE = Automatic;
				PRODUCT_NAME = "$(TARGET_NAME)";
				SWIFT_VERSION = 4.2;
			};
			name = Release;
		};
/* End XCBuildConfiguration section */

/* Begin XCConfigurationList section */
		70B6FBF221BB8F31009FF7C1 /* Build configuration list for PBXProject "AdventOfCode-2018" */ = {
			isa = XCConfigurationList;
			buildConfigurations = (
				70B6FBFC21BB8F31009FF7C1 /* Debug */,
				70B6FBFD21BB8F31009FF7C1 /* Release */,
			);
			defaultConfigurationIsVisible = 0;
			defaultConfigurationName = Release;
		};
		70B6FBFE21BB8F31009FF7C1 /* Build configuration list for PBXNativeTarget "AdventOfCode-2018" */ = {
			isa = XCConfigurationList;
			buildConfigurations = (
				70B6FBFF21BB8F31009FF7C1 /* Debug */,
				70B6FC0021BB8F31009FF7C1 /* Release */,
			);
			defaultConfigurationIsVisible = 0;
			defaultConfigurationName = Release;
		};
/* End XCConfigurationList section */
	};
	rootObject = 70B6FBEF21BB8F31009FF7C1 /* Project object */;
}
